Microsoft Visual Studio Solution File, Format Version 12.00
# Visual Studio Version 17
VisualStudioVersion = 17.5.2.0
MinimumVisualStudioVersion = 10.0.40219.1
Project("{FAE04EC0-301F-11D3-BF4B-00C04F79EFBC}") = "Chip8-CSharp", "Chip8-CSharp.csproj", "{63CD4A6F-FFD7-3FE8-C4CE-9221E2303117}"
EndProject
Global
	GlobalSection(SolutionConfigurationPlatforms) = preSolution
		Debug|Any CPU = Debug|Any CPU
		Release|Any CPU = Release|Any CPU
	EndGlobalSection
	GlobalSection(ProjectConfigurationPlatforms) = postSolution
		{63CD4A6F-FFD7-3FE8-C4CE-9221E2303117}.Debug|Any CPU.ActiveCfg = Debug|Any CPU
		{63CD4A6F-FFD7-3FE8-C4CE-9221E2303117}.Debug|Any CPU.Build.0 = Debug|Any CPU
		{63CD4A6F-FFD7-3FE8-C4CE-9221E2303117}.Release|Any CPU.ActiveCfg = Release|Any CPU
		{63CD4A6F-FFD7-3FE8-C4CE-9221E2303117}.Release|Any CPU.Build.0 = Release|Any CPU
	EndGlobalSection
	GlobalSection(SolutionProperties) = preSolution
		HideSolutionNode = FALSE
	EndGlobalSection
	GlobalSection(ExtensibilityGlobals) = postSolution
		SolutionGuid = {4B5B5F53-D11D-463D-9B58-7B0AF8B842DB}
	EndGlobalSection
EndGlobal
